
Microsoft Visual Studio Solution File, Format Version 12.00
# Visual Studio Version 17
VisualStudioVersion = 17.0.31912.275
MinimumVisualStudioVersion = 10.0.40219.1
Project("{FAE04EC0-301F-11D3-BF4B-00C04F79EFBC}") = "H3WebshopProeveprojekt.Api", "H3WebshopProeveprojekt.Api\H3WebshopProeveprojekt.Api.csproj", "{320DE751-EA1F-4DF9-ACC4-1EFD655B2687}"
EndProject
Project("{FAE04EC0-301F-11D3-BF4B-00C04F79EFBC}") = "H3WebshopProeveprojekt.Tests", "H3WebshopProeveprojekt.Tests\H3WebshopProeveprojekt.Tests.csproj", "{4B14602E-82D9-4998-8A89-BA7DCCF1A42F}"
EndProject
Global
	GlobalSection(SolutionConfigurationPlatforms) = preSolution
		Debug|Any CPU = Debug|Any CPU
		Release|Any CPU = Release|Any CPU
	EndGlobalSection
	GlobalSection(ProjectConfigurationPlatforms) = postSolution
		{320DE751-EA1F-4DF9-ACC4-1EFD655B2687}.Debug|Any CPU.ActiveCfg = Debug|Any CPU
		{320DE751-EA1F-4DF9-ACC4-1EFD655B2687}.Debug|Any CPU.Build.0 = Debug|Any CPU
		{320DE751-EA1F-4DF9-ACC4-1EFD655B2687}.Release|Any CPU.ActiveCfg = Release|Any CPU
		{320DE751-EA1F-4DF9-ACC4-1EFD655B2687}.Release|Any CPU.Build.0 = Release|Any CPU
		{4B14602E-82D9-4998-8A89-BA7DCCF1A42F}.Debug|Any CPU.ActiveCfg = Debug|Any CPU
		{4B14602E-82D9-4998-8A89-BA7DCCF1A42F}.Debug|Any CPU.Build.0 = Debug|Any CPU
		{4B14602E-82D9-4998-8A89-BA7DCCF1A42F}.Release|Any CPU.ActiveCfg = Release|Any CPU
		{4B14602E-82D9-4998-8A89-BA7DCCF1A42F}.Release|Any CPU.Build.0 = Release|Any CPU
	EndGlobalSection
	GlobalSection(SolutionProperties) = preSolution
		HideSolutionNode = FALSE
	EndGlobalSection
	GlobalSection(ExtensibilityGlobals) = postSolution
		SolutionGuid = {CCC34CC0-34CA-41C1-BE7A-DF85E699FD44}
	EndGlobalSection
EndGlobal
